
Microsoft Visual Studio Solution File, Format Version 12.00
# Visual Studio Version 17
VisualStudioVersion = 17.10.35027.167
MinimumVisualStudioVersion = 10.0.40219.1
Project("{9A19103F-16F7-4668-BE54-9A1E7A4F7556}") = "EldenRingItems", "EldenRingItems.csproj", "{7005B578-8D75-43AE-9CAD-29316EA25D78}"
EndProject
Global
	GlobalSection(SolutionConfigurationPlatforms) = preSolution
		Debug|Any CPU = Debug|Any CPU
		Release|Any CPU = Release|Any CPU
	EndGlobalSection
	GlobalSection(ProjectConfigurationPlatforms) = postSolution
		{7005B578-8D75-43AE-9CAD-29316EA25D78}.Debug|Any CPU.ActiveCfg = Debug|Any CPU
		{7005B578-8D75-43AE-9CAD-29316EA25D78}.Debug|Any CPU.Build.0 = Debug|Any CPU
		{7005B578-8D75-43AE-9CAD-29316EA25D78}.Release|Any CPU.ActiveCfg = Release|Any CPU
		{7005B578-8D75-43AE-9CAD-29316EA25D78}.Release|Any CPU.Build.0 = Release|Any CPU
	EndGlobalSection
	GlobalSection(SolutionProperties) = preSolution
		HideSolutionNode = FALSE
	EndGlobalSection
	GlobalSection(ExtensibilityGlobals) = postSolution
		SolutionGuid = {BEEB6D2E-D7D7-492A-A0E0-4130BA8872A1}
	EndGlobalSection
EndGlobal
